
Microsoft Visual Studio Solution File, Format Version 12.00
# Visual Studio 15
VisualStudioVersion = 15.0.27428.1
MinimumVisualStudioVersion = 10.0.40219.1
Project("{FAE04EC0-301F-11D3-BF4B-00C04F79EFBC}") = "Server", "Server\Server.csproj", "{49365E38-C4B0-4B82-B9DC-7923A8A0F1B4}"
EndProject
Project("{FAE04EC0-301F-11D3-BF4B-00C04F79EFBC}") = "Client", "Client\Client.csproj", "{367ACBD6-9446-4675-9ED6-B0358AED0B77}"
EndProject
Project("{FAE04EC0-301F-11D3-BF4B-00C04F79EFBC}") = "Common", "Common\Common.csproj", "{149629E9-E677-4C50-A63E-BBD08E9C6AA1}"
EndProject
Global
	GlobalSection(SolutionConfigurationPlatforms) = preSolution
		Debug|Any CPU = Debug|Any CPU
		Release|Any CPU = Release|Any CPU
	EndGlobalSection
	GlobalSection(ProjectConfigurationPlatforms) = postSolution
		{49365E38-C4B0-4B82-B9DC-7923A8A0F1B4}.Debug|Any CPU.ActiveCfg = Debug|Any CPU
		{49365E38-C4B0-4B82-B9DC-7923A8A0F1B4}.Debug|Any CPU.Build.0 = Debug|Any CPU
		{49365E38-C4B0-4B82-B9DC-7923A8A0F1B4}.Release|Any CPU.ActiveCfg = Release|Any CPU
		{49365E38-C4B0-4B82-B9DC-7923A8A0F1B4}.Release|Any CPU.Build.0 = Release|Any CPU
		{367ACBD6-9446-4675-9ED6-B0358AED0B77}.Debug|Any CPU.ActiveCfg = Debug|Any CPU
		{367ACBD6-9446-4675-9ED6-B0358AED0B77}.Debug|Any CPU.Build.0 = Debug|Any CPU
		{367ACBD6-9446-4675-9ED6-B0358AED0B77}.Release|Any CPU.ActiveCfg = Release|Any CPU
		{367ACBD6-9446-4675-9ED6-B0358AED0B77}.Release|Any CPU.Build.0 = Release|Any CPU
		{149629E9-E677-4C50-A63E-BBD08E9C6AA1}.Debug|Any CPU.ActiveCfg = Debug|Any CPU
		{149629E9-E677-4C50-A63E-BBD08E9C6AA1}.Debug|Any CPU.Build.0 = Debug|Any CPU
		{149629E9-E677-4C50-A63E-BBD08E9C6AA1}.Release|Any CPU.ActiveCfg = Release|Any CPU
		{149629E9-E677-4C50-A63E-BBD08E9C6AA1}.Release|Any CPU.Build.0 = Release|Any CPU
	EndGlobalSection
	GlobalSection(SolutionProperties) = preSolution
		HideSolutionNode = FALSE
	EndGlobalSection
	GlobalSection(ExtensibilityGlobals) = postSolution
		SolutionGuid = {B825A9F5-E943-4B84-B5BD-50FBFC927C04}
	EndGlobalSection
EndGlobal
