
Microsoft Visual Studio Solution File, Format Version 12.00
# Visual Studio 15
VisualStudioVersion = 15.0.27703.2035
MinimumVisualStudioVersion = 10.0.40219.1
Project("{9A19103F-16F7-4668-BE54-9A1E7A4F7556}") = "Server", "Server\Server.csproj", "{380E7ADA-FC91-4378-B4FB-E7979A0732A5}"
EndProject
Project("{FAE04EC0-301F-11D3-BF4B-00C04F79EFBC}") = "Client", "Client\Client.csproj", "{0A57C43E-1718-41BA-89D9-5AE8E6849A33}"
EndProject
Project("{FAE04EC0-301F-11D3-BF4B-00C04F79EFBC}") = "Common", "Common\Common.csproj", "{839730F3-5CFB-4C67-A06E-E33B0838E5A3}"
EndProject
Global
	GlobalSection(SolutionConfigurationPlatforms) = preSolution
		Debug|Any CPU = Debug|Any CPU
		Release|Any CPU = Release|Any CPU
	EndGlobalSection
	GlobalSection(ProjectConfigurationPlatforms) = postSolution
		{380E7ADA-FC91-4378-B4FB-E7979A0732A5}.Debug|Any CPU.ActiveCfg = Debug|Any CPU
		{380E7ADA-FC91-4378-B4FB-E7979A0732A5}.Debug|Any CPU.Build.0 = Debug|Any CPU
		{380E7ADA-FC91-4378-B4FB-E7979A0732A5}.Release|Any CPU.ActiveCfg = Release|Any CPU
		{380E7ADA-FC91-4378-B4FB-E7979A0732A5}.Release|Any CPU.Build.0 = Release|Any CPU
		{0A57C43E-1718-41BA-89D9-5AE8E6849A33}.Debug|Any CPU.ActiveCfg = Debug|Any CPU
		{0A57C43E-1718-41BA-89D9-5AE8E6849A33}.Debug|Any CPU.Build.0 = Debug|Any CPU
		{0A57C43E-1718-41BA-89D9-5AE8E6849A33}.Release|Any CPU.ActiveCfg = Release|Any CPU
		{0A57C43E-1718-41BA-89D9-5AE8E6849A33}.Release|Any CPU.Build.0 = Release|Any CPU
		{839730F3-5CFB-4C67-A06E-E33B0838E5A3}.Debug|Any CPU.ActiveCfg = Debug|Any CPU
		{839730F3-5CFB-4C67-A06E-E33B0838E5A3}.Debug|Any CPU.Build.0 = Debug|Any CPU
		{839730F3-5CFB-4C67-A06E-E33B0838E5A3}.Release|Any CPU.ActiveCfg = Release|Any CPU
		{839730F3-5CFB-4C67-A06E-E33B0838E5A3}.Release|Any CPU.Build.0 = Release|Any CPU
	EndGlobalSection
	GlobalSection(SolutionProperties) = preSolution
		HideSolutionNode = FALSE
	EndGlobalSection
	GlobalSection(ExtensibilityGlobals) = postSolution
		SolutionGuid = {50BE27FC-0E20-4177-8DEA-CA73B62E898F}
	EndGlobalSection
EndGlobal
