
Microsoft Visual Studio Solution File, Format Version 12.00
# Visual Studio 15
VisualStudioVersion = 15.0.27703.2035
MinimumVisualStudioVersion = 10.0.40219.1
Project("{FAE04EC0-301F-11D3-BF4B-00C04F79EFBC}") = "Client", "Client\Client.csproj", "{C3EA8D6C-F774-4E59-BBA9-5AA0C770F948}"
EndProject
Project("{FAE04EC0-301F-11D3-BF4B-00C04F79EFBC}") = "Server", "Server\Server.csproj", "{89AED474-EE7B-4495-99EA-370F4D0E631B}"
EndProject
Project("{FAE04EC0-301F-11D3-BF4B-00C04F79EFBC}") = "Crypt", "Crypt\Crypt.csproj", "{AAEAFA75-A3B4-499B-95F9-D8A96D615C71}"
EndProject
Global
	GlobalSection(SolutionConfigurationPlatforms) = preSolution
		Debug|Any CPU = Debug|Any CPU
		Release|Any CPU = Release|Any CPU
	EndGlobalSection
	GlobalSection(ProjectConfigurationPlatforms) = postSolution
		{C3EA8D6C-F774-4E59-BBA9-5AA0C770F948}.Debug|Any CPU.ActiveCfg = Debug|Any CPU
		{C3EA8D6C-F774-4E59-BBA9-5AA0C770F948}.Debug|Any CPU.Build.0 = Debug|Any CPU
		{C3EA8D6C-F774-4E59-BBA9-5AA0C770F948}.Release|Any CPU.ActiveCfg = Release|Any CPU
		{C3EA8D6C-F774-4E59-BBA9-5AA0C770F948}.Release|Any CPU.Build.0 = Release|Any CPU
		{89AED474-EE7B-4495-99EA-370F4D0E631B}.Debug|Any CPU.ActiveCfg = Debug|Any CPU
		{89AED474-EE7B-4495-99EA-370F4D0E631B}.Debug|Any CPU.Build.0 = Debug|Any CPU
		{89AED474-EE7B-4495-99EA-370F4D0E631B}.Release|Any CPU.ActiveCfg = Release|Any CPU
		{89AED474-EE7B-4495-99EA-370F4D0E631B}.Release|Any CPU.Build.0 = Release|Any CPU
		{AAEAFA75-A3B4-499B-95F9-D8A96D615C71}.Debug|Any CPU.ActiveCfg = Debug|Any CPU
		{AAEAFA75-A3B4-499B-95F9-D8A96D615C71}.Debug|Any CPU.Build.0 = Debug|Any CPU
		{AAEAFA75-A3B4-499B-95F9-D8A96D615C71}.Release|Any CPU.ActiveCfg = Release|Any CPU
		{AAEAFA75-A3B4-499B-95F9-D8A96D615C71}.Release|Any CPU.Build.0 = Release|Any CPU
	EndGlobalSection
	GlobalSection(SolutionProperties) = preSolution
		HideSolutionNode = FALSE
	EndGlobalSection
	GlobalSection(ExtensibilityGlobals) = postSolution
		SolutionGuid = {A6445DC7-5459-41FC-AF54-7D586EDD52E3}
	EndGlobalSection
EndGlobal
